// !$*UTF8*$!
{
	archiveVersion = 1;
	classes = {
	};
	objectVersion = 77;
	objects = {

/* Begin PBXBuildFile section */
		C22B25BD2FF2FE9E0030E98A /* JAMApplication.swift in Sources */ = {isa = PBXBuildFile; fileRef = C22B25BC2FF2FD2E0030E98A /* JAMApplication.swift */; };
		C22B25C32FF303DB0030E98A /* JAMRadius.swift in Sources */ = {isa = PBXBuildFile; fileRef = C22B25C22FF3033E0030E98A /* JAMRadius.swift */; };
		C22B25C42FF303E00030E98A /* JAMSpacing.swift in Sources */ = {isa = PBXBuildFile; fileRef = C22B25C12FF3032E0030E98A /* JAMSpacing.swift */; };
		C22B25C52FF303E50030E98A /* JAMTypography.swift in Sources */ = {isa = PBXBuildFile; fileRef = C22B25C02FF303170030E98A /* JAMTypography.swift */; };
		C22B25C62FF303E90030E98A /* JAMColors.swift in Sources */ = {isa = PBXBuildFile; fileRef = C22B25BF2FF303010030E98A /* JAMColors.swift */; };
		C22B25CA2FF306AF0030E98A /* CommandPanelView.swift in Sources */ = {isa = PBXBuildFile; fileRef = C22B25C92FF3066A0030E98A /* CommandPanelView.swift */; };
		C22B25D12FF30CE50030E98A /* JAMMaterials.swift in Sources */ = {isa = PBXBuildFile; fileRef = C22B25D02FF30CE30030E98A /* JAMMaterials.swift */; };
		C22B25D32FF30D120030E98A /* JAMMotion.swift in Sources */ = {isa = PBXBuildFile; fileRef = C22B25D22FF30D100030E98A /* JAMMotion.swift */; };
		C22B25D52FF30D290030E98A /* JAMShadows.swift in Sources */ = {isa = PBXBuildFile; fileRef = C22B25D42FF30D270030E98A /* JAMShadows.swift */; };
		C22B25D82FF30D720030E98A /* PanelContainer.swift in Sources */ = {isa = PBXBuildFile; fileRef = C22B25D72FF30D6E0030E98A /* PanelContainer.swift */; };
		C22B25DF2FF313970030E98A /* ApplicationsDomain.swift in Sources */ = {isa = PBXBuildFile; fileRef = C22B25DE2FF313950030E98A /* ApplicationsDomain.swift */; };
		C22B25E22FF3140C0030E98A /* Command.swift in Sources */ = {isa = PBXBuildFile; fileRef = C22B25E12FF314080030E98A /* Command.swift */; };
		C22B25E42FF314170030E98A /* CommandParser.swift in Sources */ = {isa = PBXBuildFile; fileRef = C22B25E32FF314150030E98A /* CommandParser.swift */; };
		C22B25E62FF3142A0030E98A /* Intent.swift in Sources */ = {isa = PBXBuildFile; fileRef = C22B25E52FF3141F0030E98A /* Intent.swift */; };
		C22B25E82FF314350030E98A /* Verb.swift in Sources */ = {isa = PBXBuildFile; fileRef = C22B25E72FF314320030E98A /* Verb.swift */; };
		C22B25EB2FF315890030E98A /* JAMCommandField.swift in Sources */ = {isa = PBXBuildFile; fileRef = C22B25EA2FF315820030E98A /* JAMCommandField.swift */; };
		C26E7BFF2FF406280001CFFA /*  IntentResolver.swift in Sources */ = {isa = PBXBuildFile; fileRef = C26E7BFE2FF406260001CFFA /*  IntentResolver.swift */; };
		C26E7C022FF406BC0001CFFA /*  ApplicationService.swift in Sources */ = {isa = PBXBuildFile; fileRef = C26E7C012FF406680001CFFA /*  ApplicationService.swift */; };
		C26E7C042FF4095E0001CFFA /* ApplicationRegistry.swift in Sources */ = {isa = PBXBuildFile; fileRef = C26E7C032FF4095C0001CFFA /* ApplicationRegistry.swift */; };
		C26E7C062FF40B270001CFFA /* Application.swift in Sources */ = {isa = PBXBuildFile; fileRef = C26E7C052FF40B250001CFFA /* Application.swift */; };
		C26E7C082FF40B4E0001CFFA /* ApplicationMatcher.swift in Sources */ = {isa = PBXBuildFile; fileRef = C26E7C072FF40B4B0001CFFA /* ApplicationMatcher.swift */; };
		C26E7C0B2FF40F430001CFFA /* JAMIndex.swift in Sources */ = {isa = PBXBuildFile; fileRef = C26E7C0A2FF40F410001CFFA /* JAMIndex.swift */; };
		C26E7C0D2FF40F510001CFFA /* IndexItem.swift in Sources */ = {isa = PBXBuildFile; fileRef = C26E7C0C2FF40F4C0001CFFA /* IndexItem.swift */; };
		C26E7C0F2FF40F5B0001CFFA /* IndexBuilder.swift in Sources */ = {isa = PBXBuildFile; fileRef = C26E7C0E2FF40F590001CFFA /* IndexBuilder.swift */; };
		C26E7C122FF410370001CFFA /* Action.swift in Sources */ = {isa = PBXBuildFile; fileRef = C26E7C112FF410350001CFFA /* Action.swift */; };
		C26E7C142FF410440001CFFA /* ActionExecutor.swift in Sources */ = {isa = PBXBuildFile; fileRef = C26E7C132FF410420001CFFA /* ActionExecutor.swift */; };
		C26E7C172FF410C10001CFFA /* OpenApplicationAction.swift in Sources */ = {isa = PBXBuildFile; fileRef = C26E7C162FF410BD0001CFFA /* OpenApplicationAction.swift */; };
		C26E7C1A2FF413710001CFFA /* Suggestion.swift in Sources */ = {isa = PBXBuildFile; fileRef = C26E7C192FF4136F0001CFFA /* Suggestion.swift */; };
		C26E7C1C2FF4137E0001CFFA /* SuggestionEngine.swift in Sources */ = {isa = PBXBuildFile; fileRef = C26E7C1B2FF413780001CFFA /* SuggestionEngine.swift */; };
		C26E7C1E2FF414160001CFFA /* ApplicationSuggestionProvider.swift in Sources */ = {isa = PBXBuildFile; fileRef = C26E7C1D2FF414140001CFFA /* ApplicationSuggestionProvider.swift */; };
		C26E7C222FF419190001CFFA /* AuroraTheme.swift in Sources */ = {isa = PBXBuildFile; fileRef = C26E7C212FF419160001CFFA /* AuroraTheme.swift */; };
		C26E7C242FF41D2A0001CFFA /* JAMWindow.swift in Sources */ = {isa = PBXBuildFile; fileRef = C26E7C232FF41D280001CFFA /* JAMWindow.swift */; };
		C26E7C272FF421930001CFFA /* SuggestionProvider.swift in Sources */ = {isa = PBXBuildFile; fileRef = C26E7C262FF421910001CFFA /* SuggestionProvider.swift */; };
		C26E7C292FF43FB50001CFFA /* GhostTextOverlay.swift in Sources */ = {isa = PBXBuildFile; fileRef = C26E7C282FF43FB30001CFFA /* GhostTextOverlay.swift */; };
		C26E7C2B2FF442520001CFFA /* JAMNativeTextField.swift in Sources */ = {isa = PBXBuildFile; fileRef = C26E7C2A2FF442500001CFFA /* JAMNativeTextField.swift */; };
		C26E7C2D2FF442BB0001CFFA /* JAMTextField.swift in Sources */ = {isa = PBXBuildFile; fileRef = C26E7C2C2FF442B80001CFFA /* JAMTextField.swift */; };
		C26E7C302FF4476E0001CFFA /* SuggestionList.swift in Sources */ = {isa = PBXBuildFile; fileRef = C26E7C2F2FF4476C0001CFFA /* SuggestionList.swift */; };
		C26E7C322FF4477C0001CFFA /* SuggestionRow.swift in Sources */ = {isa = PBXBuildFile; fileRef = C26E7C312FF447790001CFFA /* SuggestionRow.swift */; };
		C26E7C342FF456CC0001CFFA /* AppIcon.swift in Sources */ = {isa = PBXBuildFile; fileRef = C26E7C332FF456C60001CFFA /* AppIcon.swift */; };
		C26E7C362FF45D490001CFFA /*  AppEntry.swift in Sources */ = {isa = PBXBuildFile; fileRef = C26E7C352FF45D470001CFFA /*  AppEntry.swift */; };
		C26E7C382FF45FD00001CFFA /*  AppSearchResult.swift in Sources */ = {isa = PBXBuildFile; fileRef = C26E7C372FF45FCD0001CFFA /*  AppSearchResult.swift */; };
		C26E7C3A2FF45FEA0001CFFA /* ApplicationSearchEngine.swift in Sources */ = {isa = PBXBuildFile; fileRef = C26E7C392FF45FE70001CFFA /* ApplicationSearchEngine.swift */; };
		C26E7C562FF5997F0001CFFA /* WindowManager.swift in Sources */ = {isa = PBXBuildFile; fileRef = C22B25CC2FF308430030E98A /* WindowManager.swift */; };
		C26E7C572FF59A4F0001CFFA /* AppDelegate.swift in Sources */ = {isa = PBXBuildFile; fileRef = C26E7C552FF598CF0001CFFA /* AppDelegate.swift */; };
		C26E7C582FF59A720001CFFA /* JAMPanel.swift in Sources */ = {isa = PBXBuildFile; fileRef = C22B25DB2FF3120E0030E98A /* JAMPanel.swift */; };
		C26E7C592FF59A800001CFFA /* WindowConfiguration.swift in Sources */ = {isa = PBXBuildFile; fileRef = C22B25D92FF311F10030E98A /* WindowConfiguration.swift */; };
		C26E7C682FF5AC120001CFFA /* JAMSearchBadge.swift in Sources */ = {isa = PBXBuildFile; fileRef = C26E7C672FF5AC100001CFFA /* JAMSearchBadge.swift */; };
		C26E7C6A2FF5AC830001CFFA /* JAMSearchBar.swift in Sources */ = {isa = PBXBuildFile; fileRef = C26E7C692FF5AC810001CFFA /* JAMSearchBar.swift */; };
		C26E7C6C2FF5AC9D0001CFFA /* JAMSearchIcon.swift in Sources */ = {isa = PBXBuildFile; fileRef = C26E7C6B2FF5AC930001CFFA /* JAMSearchIcon.swift */; };
		C26E7C6E2FF5ACA80001CFFA /* JAMShortcutBadge.swift in Sources */ = {isa = PBXBuildFile; fileRef = C26E7C6D2FF5ACA60001CFFA /* JAMShortcutBadge.swift */; };
		C26E7C722FF5AE950001CFFA /* JAMSearchField.swift in Sources */ = {isa = PBXBuildFile; fileRef = C26E7C712FF5AE930001CFFA /* JAMSearchField.swift */; };
		C26E7C752FF5AFB30001CFFA /* JAMMark.swift in Sources */ = {isa = PBXBuildFile; fileRef = C26E7C742FF5AFAE0001CFFA /* JAMMark.swift */; };
		C26E7C772FF5AFBF0001CFFA /*     JAMBrandBadge.swift in Sources */ = {isa = PBXBuildFile; fileRef = C26E7C762FF5AFBD0001CFFA /*     JAMBrandBadge.swift */; };
		C26E7C792FF5AFC90001CFFA /* JAMWordmark.swift in Sources */ = {isa = PBXBuildFile; fileRef = C26E7C782FF5AFC70001CFFA /* JAMWordmark.swift */; };
		C26E7C7C2FF5B1860001CFFA /* JAMGlass.swift in Sources */ = {isa = PBXBuildFile; fileRef = C26E7C7B2FF5B1840001CFFA /* JAMGlass.swift */; };
		C26E7C7E2FF5B18F0001CFFA /* JAMGlow.swift in Sources */ = {isa = PBXBuildFile; fileRef = C26E7C7D2FF5B18D0001CFFA /* JAMGlow.swift */; };
		C26E7C802FF5B1990001CFFA /* JAMStroke.swift in Sources */ = {isa = PBXBuildFile; fileRef = C26E7C7F2FF5B1970001CFFA /* JAMStroke.swift */; };
		C26E7C822FF5B1A30001CFFA /* JAMShadow.swift in Sources */ = {isa = PBXBuildFile; fileRef = C26E7C812FF5B1A10001CFFA /* JAMShadow.swift */; };
		C26E7C842FF5B1B90001CFFA /* JAMAnimation.swift in Sources */ = {isa = PBXBuildFile; fileRef = C26E7C832FF5B1B70001CFFA /* JAMAnimation.swift */; };
		C26E7C872FF5B2230001CFFA /* JAMGlassModifier.swift in Sources */ = {isa = PBXBuildFile; fileRef = C26E7C862FF5B2210001CFFA /* JAMGlassModifier.swift */; };
		C26E7C892FF5B22C0001CFFA /* JAMShadowModifier.swift in Sources */ = {isa = PBXBuildFile; fileRef = C26E7C882FF5B22A0001CFFA /* JAMShadowModifier.swift */; };
		C26E7C8B2FF5B2370001CFFA /* JAMInteractiveModifier.swift in Sources */ = {isa = PBXBuildFile; fileRef = C26E7C8A2FF5B2350001CFFA /* JAMInteractiveModifier.swift */; };
		C26E7C8D2FF5B3770001CFFA /* JAMSearchView.swift in Sources */ = {isa = PBXBuildFile; fileRef = C26E7C8C2FF5B3750001CFFA /* JAMSearchView.swift */; };
		C26E7C9B2FF676940001CFFA /* JAMKeycap.swift in Sources */ = {isa = PBXBuildFile; fileRef = C26E7C9A2FF676930001CFFA /* JAMKeycap.swift */; };
		C26E7C9D2FF679070001CFFA /* JAMBackdrop.swift in Sources */ = {isa = PBXBuildFile; fileRef = C26E7C9C2FF679050001CFFA /* JAMBackdrop.swift */; };
		C26E7C9F2FF6791B0001CFFA /* JAMGreetingCard.swift in Sources */ = {isa = PBXBuildFile; fileRef = C26E7C9E2FF6791A0001CFFA /* JAMGreetingCard.swift */; };
		C26E7CA12FF67EB70001CFFA /* JAMSearchSurface.swift in Sources */ = {isa = PBXBuildFile; fileRef = C26E7CA02FF67EB50001CFFA /* JAMSearchSurface.swift */; };
		C26E7CA32FF67FE00001CFFA /* JAMResultsContainer.swift in Sources */ = {isa = PBXBuildFile; fileRef = C26E7CA22FF67FDE0001CFFA /* JAMResultsContainer.swift */; };
		C26E7CA52FF684980001CFFA /* JAMMetrics.swift in Sources */ = {isa = PBXBuildFile; fileRef = C26E7CA42FF684960001CFFA /* JAMMetrics.swift */; };
		C26E7CA82FF6B44B0001CFFA /* KeyboardShortcuts in Frameworks */ = {isa = PBXBuildFile; productRef = C26E7CA72FF6B44B0001CFFA /* KeyboardShortcuts */; };
		C26E7CAA2FF6B5CC0001CFFA /* KeyboardShortcutNames.swift in Sources */ = {isa = PBXBuildFile; fileRef = C26E7CA92FF6B5090001CFFA /* KeyboardShortcutNames.swift */; };
		C26E7CAC2FF6BC380001CFFA /* SearchFieldRegistry.swift in Sources */ = {isa = PBXBuildFile; fileRef = C26E7CAB2FF6BC360001CFFA /* SearchFieldRegistry.swift */; };
		C26E7CAF2FF6F5320001CFFA /* JAMMenuBar.swift in Sources */ = {isa = PBXBuildFile; fileRef = C26E7CAE2FF6F5300001CFFA /* JAMMenuBar.swift */; };
		C26E7CB32FF706F00001CFFA /* Assets.xcassets in Resources */ = {isa = PBXBuildFile; fileRef = C26E7CB22FF706F00001CFFA /* Assets.xcassets */; };
		C2D80E9A2FF7C23F00926E79 /* SettingsManager.swift in Sources */ = {isa = PBXBuildFile; fileRef = C2D80E992FF7C23D00926E79 /* SettingsManager.swift */; };
		C2D80E9C2FF7C86000926E79 /* JAMMenu.swift in Sources */ = {isa = PBXBuildFile; fileRef = C2D80E9B2FF7C85E00926E79 /* JAMMenu.swift */; };
		C2D80E9F2FF7C9F400926E79 /* LaunchAtLoginManager.swift in Sources */ = {isa = PBXBuildFile; fileRef = C2D80E9E2FF7C9F200926E79 /* LaunchAtLoginManager.swift */; };
/* End PBXBuildFile section */

/* Begin PBXContainerItemProxy section */
		C22B258B2FF2F9950030E98A /* PBXContainerItemProxy */ = {
			isa = PBXContainerItemProxy;
			containerPortal = C22B25752FF2F9930030E98A /* Project object */;
			proxyType = 1;
			remoteGlobalIDString = C22B257C2FF2F9940030E98A;
			remoteInfo = JAM;
		};
		C22B25952FF2F9950030E98A /* PBXContainerItemProxy */ = {
			isa = PBXContainerItemProxy;
			containerPortal = C22B25752FF2F9930030E98A /* Project object */;
			proxyType = 1;
			remoteGlobalIDString = C22B257C2FF2F9940030E98A;
			remoteInfo = JAM;
		};
/* End PBXContainerItemProxy section */

/* Begin PBXFileReference section */
		C22B257D2FF2F9940030E98A /* JAM.app */ = {isa = PBXFileReference; explicitFileType = wrapper.application; includeInIndex = 0; path = JAM.app; sourceTree = BUILT_PRODUCTS_DIR; };
		C22B258A2FF2F9950030E98A /* JAMTests.xctest */ = {isa = PBXFileReference; explicitFileType = wrapper.cfbundle; includeInIndex = 0; path = JAMTests.xctest; sourceTree = BUILT_PRODUCTS_DIR; };
		C22B25942FF2F9950030E98A /* JAMUITests.xctest */ = {isa = PBXFileReference; explicitFileType = wrapper.cfbundle; includeInIndex = 0; path = JAMUITests.xctest; sourceTree = BUILT_PRODUCTS_DIR; };
		C22B25BC2FF2FD2E0030E98A /* JAMApplication.swift */ = {isa = PBXFileReference; lastKnownFileType = sourcecode.swift; path = JAMApplication.swift; sourceTree = "<group>"; };
		C22B25BF2FF303010030E98A /* JAMColors.swift */ = {isa = PBXFileReference; lastKnownFileType = sourcecode.swift; path = JAMColors.swift; sourceTree = "<group>"; };
		C22B25C02FF303170030E98A /* JAMTypography.swift */ = {isa = PBXFileReference; lastKnownFileType = sourcecode.swift; path = JAMTypography.swift; sourceTree = "<group>"; };
		C22B25C12FF3032E0030E98A /* JAMSpacing.swift */ = {isa = PBXFileReference; lastKnownFileType = sourcecode.swift; path = JAMSpacing.swift; sourceTree = "<group>"; };
		C22B25C22FF3033E0030E98A /* JAMRadius.swift */ = {isa = PBXFileReference; lastKnownFileType = sourcecode.swift; path = JAMRadius.swift; sourceTree = "<group>"; };
		C22B25C92FF3066A0030E98A /* CommandPanelView.swift */ = {isa = PBXFileReference; lastKnownFileType = sourcecode.swift; path = CommandPanelView.swift; sourceTree = "<group>"; };
		C22B25CC2FF308430030E98A /* WindowManager.swift */ = {isa = PBXFileReference; lastKnownFileType = sourcecode.swift; path = WindowManager.swift; sourceTree = "<group>"; };
		C22B25D02FF30CE30030E98A /* JAMMaterials.swift */ = {isa = PBXFileReference; lastKnownFileType = sourcecode.swift; path = JAMMaterials.swift; sourceTree = "<group>"; };
		C22B25D22FF30D100030E98A /* JAMMotion.swift */ = {isa = PBXFileReference; lastKnownFileType = sourcecode.swift; path = JAMMotion.swift; sourceTree = "<group>"; };
		C22B25D42FF30D270030E98A /* JAMShadows.swift */ = {isa = PBXFileReference; lastKnownFileType = sourcecode.swift; path = JAMShadows.swift; sourceTree = "<group>"; };
		C22B25D72FF30D6E0030E98A /* PanelContainer.swift */ = {isa = PBXFileReference; lastKnownFileType = sourcecode.swift; path = PanelContainer.swift; sourceTree = "<group>"; };
		C22B25D92FF311F10030E98A /* WindowConfiguration.swift */ = {isa = PBXFileReference; lastKnownFileType = sourcecode.swift; path = WindowConfiguration.swift; sourceTree = "<group>"; };
		C22B25DA2FF312000030E98A /* WindowStyle.swift */ = {isa = PBXFileReference; lastKnownFileType = sourcecode.swift; path = WindowStyle.swift; sourceTree = "<group>"; };
		C22B25DB2FF3120E0030E98A /* JAMPanel.swift */ = {isa = PBXFileReference; lastKnownFileType = sourcecode.swift; path = JAMPanel.swift; sourceTree = "<group>"; };
		C22B25DE2FF313950030E98A /* ApplicationsDomain.swift */ = {isa = PBXFileReference; lastKnownFileType = sourcecode.swift; path = ApplicationsDomain.swift; sourceTree = "<group>"; };
		C22B25E12FF314080030E98A /* Command.swift */ = {isa = PBXFileReference; lastKnownFileType = sourcecode.swift; path = Command.swift; sourceTree = "<group>"; };
		C22B25E32FF314150030E98A /* CommandParser.swift */ = {isa = PBXFileReference; lastKnownFileType = sourcecode.swift; path = CommandParser.swift; sourceTree = "<group>"; };
		C22B25E52FF3141F0030E98A /* Intent.swift */ = {isa = PBXFileReference; lastKnownFileType = sourcecode.swift; path = Intent.swift; sourceTree = "<group>"; };
		C22B25E72FF314320030E98A /* Verb.swift */ = {isa = PBXFileReference; lastKnownFileType = sourcecode.swift; path = Verb.swift; sourceTree = "<group>"; };
		C22B25EA2FF315820030E98A /* JAMCommandField.swift */ = {isa = PBXFileReference; lastKnownFileType = sourcecode.swift; path = JAMCommandField.swift; sourceTree = "<group>"; };
		C26E7BFE2FF406260001CFFA /*  IntentResolver.swift */ = {isa = PBXFileReference; lastKnownFileType = sourcecode.swift; path = " IntentResolver.swift"; sourceTree = "<group>"; };
		C26E7C012FF406680001CFFA /*  ApplicationService.swift */ = {isa = PBXFileReference; lastKnownFileType = sourcecode.swift; path = " ApplicationService.swift"; sourceTree = "<group>"; };
		C26E7C032FF4095C0001CFFA /* ApplicationRegistry.swift */ = {isa = PBXFileReference; lastKnownFileType = sourcecode.swift; path = ApplicationRegistry.swift; sourceTree = "<group>"; };
		C26E7C052FF40B250001CFFA /* Application.swift */ = {isa = PBXFileReference; lastKnownFileType = sourcecode.swift; path = Application.swift; sourceTree = "<group>"; };
		C26E7C072FF40B4B0001CFFA /* ApplicationMatcher.swift */ = {isa = PBXFileReference; lastKnownFileType = sourcecode.swift; path = ApplicationMatcher.swift; sourceTree = "<group>"; };
		C26E7C0A2FF40F410001CFFA /* JAMIndex.swift */ = {isa = PBXFileReference; lastKnownFileType = sourcecode.swift; path = JAMIndex.swift; sourceTree = "<group>"; };
		C26E7C0C2FF40F4C0001CFFA /* IndexItem.swift */ = {isa = PBXFileReference; lastKnownFileType = sourcecode.swift; path = IndexItem.swift; sourceTree = "<group>"; };
		C26E7C0E2FF40F590001CFFA /* IndexBuilder.swift */ = {isa = PBXFileReference; lastKnownFileType = sourcecode.swift; path = IndexBuilder.swift; sourceTree = "<group>"; };
		C26E7C112FF410350001CFFA /* Action.swift */ = {isa = PBXFileReference; lastKnownFileType = sourcecode.swift; path = Action.swift; sourceTree = "<group>"; };
		C26E7C132FF410420001CFFA /* ActionExecutor.swift */ = {isa = PBXFileReference; lastKnownFileType = sourcecode.swift; path = ActionExecutor.swift; sourceTree = "<group>"; };
		C26E7C162FF410BD0001CFFA /* OpenApplicationAction.swift */ = {isa = PBXFileReference; lastKnownFileType = sourcecode.swift; path = OpenApplicationAction.swift; sourceTree = "<group>"; };
		C26E7C192FF4136F0001CFFA /* Suggestion.swift */ = {isa = PBXFileReference; lastKnownFileType = sourcecode.swift; path = Suggestion.swift; sourceTree = "<group>"; };
		C26E7C1B2FF413780001CFFA /* SuggestionEngine.swift */ = {isa = PBXFileReference; lastKnownFileType = sourcecode.swift; path = SuggestionEngine.swift; sourceTree = "<group>"; };
		C26E7C1D2FF414140001CFFA /* ApplicationSuggestionProvider.swift */ = {isa = PBXFileReference; lastKnownFileType = sourcecode.swift; path = ApplicationSuggestionProvider.swift; sourceTree = "<group>"; };
		C26E7C212FF419160001CFFA /* AuroraTheme.swift */ = {isa = PBXFileReference; lastKnownFileType = sourcecode.swift; path = AuroraTheme.swift; sourceTree = "<group>"; };
		C26E7C232FF41D280001CFFA /* JAMWindow.swift */ = {isa = PBXFileReference; lastKnownFileType = sourcecode.swift; path = JAMWindow.swift; sourceTree = "<group>"; };
		C26E7C262FF421910001CFFA /* SuggestionProvider.swift */ = {isa = PBXFileReference; lastKnownFileType = sourcecode.swift; path = SuggestionProvider.swift; sourceTree = "<group>"; };
		C26E7C282FF43FB30001CFFA /* GhostTextOverlay.swift */ = {isa = PBXFileReference; lastKnownFileType = sourcecode.swift; path = GhostTextOverlay.swift; sourceTree = "<group>"; };
		C26E7C2A2FF442500001CFFA /* JAMNativeTextField.swift */ = {isa = PBXFileReference; lastKnownFileType = sourcecode.swift; path = JAMNativeTextField.swift; sourceTree = "<group>"; };
		C26E7C2C2FF442B80001CFFA /* JAMTextField.swift */ = {isa = PBXFileReference; lastKnownFileType = sourcecode.swift; path = JAMTextField.swift; sourceTree = "<group>"; };
		C26E7C2F2FF4476C0001CFFA /* SuggestionList.swift */ = {isa = PBXFileReference; lastKnownFileType = sourcecode.swift; path = SuggestionList.swift; sourceTree = "<group>"; };
		C26E7C312FF447790001CFFA /* SuggestionRow.swift */ = {isa = PBXFileReference; lastKnownFileType = sourcecode.swift; path = SuggestionRow.swift; sourceTree = "<group>"; };
		C26E7C332FF456C60001CFFA /* AppIcon.swift */ = {isa = PBXFileReference; lastKnownFileType = sourcecode.swift; path = AppIcon.swift; sourceTree = "<group>"; };
		C26E7C352FF45D470001CFFA /*  AppEntry.swift */ = {isa = PBXFileReference; lastKnownFileType = sourcecode.swift; path = " AppEntry.swift"; sourceTree = "<group>"; };
		C26E7C372FF45FCD0001CFFA /*  AppSearchResult.swift */ = {isa = PBXFileReference; lastKnownFileType = sourcecode.swift; path = " AppSearchResult.swift"; sourceTree = "<group>"; };
		C26E7C392FF45FE70001CFFA /* ApplicationSearchEngine.swift */ = {isa = PBXFileReference; lastKnownFileType = sourcecode.swift; path = ApplicationSearchEngine.swift; sourceTree = "<group>"; };
		C26E7C552FF598CF0001CFFA /* AppDelegate.swift */ = {isa = PBXFileReference; lastKnownFileType = sourcecode.swift; path = AppDelegate.swift; sourceTree = "<group>"; };
		C26E7C672FF5AC100001CFFA /* JAMSearchBadge.swift */ = {isa = PBXFileReference; lastKnownFileType = sourcecode.swift; path = JAMSearchBadge.swift; sourceTree = "<group>"; };
		C26E7C692FF5AC810001CFFA /* JAMSearchBar.swift */ = {isa = PBXFileReference; lastKnownFileType = sourcecode.swift; path = JAMSearchBar.swift; sourceTree = "<group>"; };
		C26E7C6B2FF5AC930001CFFA /* JAMSearchIcon.swift */ = {isa = PBXFileReference; lastKnownFileType = sourcecode.swift; path = JAMSearchIcon.swift; sourceTree = "<group>"; };
		C26E7C6D2FF5ACA60001CFFA /* JAMShortcutBadge.swift */ = {isa = PBXFileReference; lastKnownFileType = sourcecode.swift; path = JAMShortcutBadge.swift; sourceTree = "<group>"; };
		C26E7C712FF5AE930001CFFA /* JAMSearchField.swift */ = {isa = PBXFileReference; lastKnownFileType = sourcecode.swift; path = JAMSearchField.swift; sourceTree = "<group>"; };
		C26E7C742FF5AFAE0001CFFA /* JAMMark.swift */ = {isa = PBXFileReference; lastKnownFileType = sourcecode.swift; path = JAMMark.swift; sourceTree = "<group>"; };
		C26E7C762FF5AFBD0001CFFA /*     JAMBrandBadge.swift */ = {isa = PBXFileReference; lastKnownFileType = sourcecode.swift; path = "    JAMBrandBadge.swift"; sourceTree = "<group>"; };
		C26E7C782FF5AFC70001CFFA /* JAMWordmark.swift */ = {isa = PBXFileReference; lastKnownFileType = sourcecode.swift; path = JAMWordmark.swift; sourceTree = "<group>"; };
		C26E7C7B2FF5B1840001CFFA /* JAMGlass.swift */ = {isa = PBXFileReference; lastKnownFileType = sourcecode.swift; path = JAMGlass.swift; sourceTree = "<group>"; };
		C26E7C7D2FF5B18D0001CFFA /* JAMGlow.swift */ = {isa = PBXFileReference; lastKnownFileType = sourcecode.swift; path = JAMGlow.swift; sourceTree = "<group>"; };
		C26E7C7F2FF5B1970001CFFA /* JAMStroke.swift */ = {isa = PBXFileReference; lastKnownFileType = sourcecode.swift; path = JAMStroke.swift; sourceTree = "<group>"; };
		C26E7C812FF5B1A10001CFFA /* JAMShadow.swift */ = {isa = PBXFileReference; lastKnownFileType = sourcecode.swift; path = JAMShadow.swift; sourceTree = "<group>"; };
		C26E7C832FF5B1B70001CFFA /* JAMAnimation.swift */ = {isa = PBXFileReference; lastKnownFileType = sourcecode.swift; path = JAMAnimation.swift; sourceTree = "<group>"; };
		C26E7C862FF5B2210001CFFA /* JAMGlassModifier.swift */ = {isa = PBXFileReference; lastKnownFileType = sourcecode.swift; path = JAMGlassModifier.swift; sourceTree = "<group>"; };
		C26E7C882FF5B22A0001CFFA /* JAMShadowModifier.swift */ = {isa = PBXFileReference; lastKnownFileType = sourcecode.swift; path = JAMShadowModifier.swift; sourceTree = "<group>"; };
		C26E7C8A2FF5B2350001CFFA /* JAMInteractiveModifier.swift */ = {isa = PBXFileReference; lastKnownFileType = sourcecode.swift; path = JAMInteractiveModifier.swift; sourceTree = "<group>"; };
		C26E7C8C2FF5B3750001CFFA /* JAMSearchView.swift */ = {isa = PBXFileReference; lastKnownFileType = sourcecode.swift; path = JAMSearchView.swift; sourceTree = "<group>"; };
		C26E7C9A2FF676930001CFFA /* JAMKeycap.swift */ = {isa = PBXFileReference; lastKnownFileType = sourcecode.swift; path = JAMKeycap.swift; sourceTree = "<group>"; };
		C26E7C9C2FF679050001CFFA /* JAMBackdrop.swift */ = {isa = PBXFileReference; lastKnownFileType = sourcecode.swift; path = JAMBackdrop.swift; sourceTree = "<group>"; };
		C26E7C9E2FF6791A0001CFFA /* JAMGreetingCard.swift */ = {isa = PBXFileReference; lastKnownFileType = sourcecode.swift; path = JAMGreetingCard.swift; sourceTree = "<group>"; };
		C26E7CA02FF67EB50001CFFA /* JAMSearchSurface.swift */ = {isa = PBXFileReference; lastKnownFileType = sourcecode.swift; path = JAMSearchSurface.swift; sourceTree = "<group>"; };
		C26E7CA22FF67FDE0001CFFA /* JAMResultsContainer.swift */ = {isa = PBXFileReference; lastKnownFileType = sourcecode.swift; path = JAMResultsContainer.swift; sourceTree = "<group>"; };
		C26E7CA42FF684960001CFFA /* JAMMetrics.swift */ = {isa = PBXFileReference; lastKnownFileType = sourcecode.swift; path = JAMMetrics.swift; sourceTree = "<group>"; };
		C26E7CA92FF6B5090001CFFA /* KeyboardShortcutNames.swift */ = {isa = PBXFileReference; lastKnownFileType = sourcecode.swift; path = KeyboardShortcutNames.swift; sourceTree = "<group>"; };
		C26E7CAB2FF6BC360001CFFA /* SearchFieldRegistry.swift */ = {isa = PBXFileReference; lastKnownFileType = sourcecode.swift; path = SearchFieldRegistry.swift; sourceTree = "<group>"; };
		C26E7CAE2FF6F5300001CFFA /* JAMMenuBar.swift */ = {isa = PBXFileReference; lastKnownFileType = sourcecode.swift; path = JAMMenuBar.swift; sourceTree = "<group>"; };
		C26E7CB22FF706F00001CFFA /* Assets.xcassets */ = {isa = PBXFileReference; lastKnownFileType = folder.assetcatalog; path = Assets.xcassets; sourceTree = "<group>"; };
		C2D80E992FF7C23D00926E79 /* SettingsManager.swift */ = {isa = PBXFileReference; lastKnownFileType = sourcecode.swift; path = SettingsManager.swift; sourceTree = "<group>"; };
		C2D80E9B2FF7C85E00926E79 /* JAMMenu.swift */ = {isa = PBXFileReference; lastKnownFileType = sourcecode.swift; path = JAMMenu.swift; sourceTree = "<group>"; };
		C2D80E9E2FF7C9F200926E79 /* LaunchAtLoginManager.swift */ = {isa = PBXFileReference; lastKnownFileType = sourcecode.swift; path = LaunchAtLoginManager.swift; sourceTree = "<group>"; };
/* End PBXFileReference section */

/* Begin PBXFileSystemSynchronizedRootGroup section */
		C22B257F2FF2F9940030E98A /* JAM */ = {
			isa = PBXFileSystemSynchronizedRootGroup;
			path = JAM;
			sourceTree = "<group>";
		};
		C22B258D2FF2F9950030E98A /* JAMTests */ = {
			isa = PBXFileSystemSynchronizedRootGroup;
			path = JAMTests;
			sourceTree = "<group>";
		};
		C22B25972FF2F9950030E98A /* JAMUITests */ = {
			isa = PBXFileSystemSynchronizedRootGroup;
			path = JAMUITests;
			sourceTree = "<group>";
		};
/* End PBXFileSystemSynchronizedRootGroup section */

/* Begin PBXFrameworksBuildPhase section */
		C22B257A2FF2F9940030E98A /* Frameworks */ = {
			isa = PBXFrameworksBuildPhase;
			buildActionMask = 2147483647;
			files = (
				C26E7CA82FF6B44B0001CFFA /* KeyboardShortcuts in Frameworks */,
			);
			runOnlyForDeploymentPostprocessing = 0;
		};
		C22B25872FF2F9950030E98A /* Frameworks */ = {
			isa = PBXFrameworksBuildPhase;
			buildActionMask = 2147483647;
			files = (
			);
			runOnlyForDeploymentPostprocessing = 0;
		};
		C22B25912FF2F9950030E98A /* Frameworks */ = {
			isa = PBXFrameworksBuildPhase;
			buildActionMask = 2147483647;
			files = (
			);
			runOnlyForDeploymentPostprocessing = 0;
		};
/* End PBXFrameworksBuildPhase section */

/* Begin PBXGroup section */
		C22B25742FF2F9930030E98A = {
			isa = PBXGroup;
			children = (
				C26E7CB22FF706F00001CFFA /* Assets.xcassets */,
				C26E7C542FF598C50001CFFA /* Application */,
				C22B25CF2FF30B050030E98A /* Shared */,
				C22B25BA2FF2FC890030E98A /* Services */,
				C22B25AB2FF2FA240030E98A /* Resources */,
				C22B25AA2FF2FA1D0030E98A /* Design */,
				C22B25A92FF2FA0F0030E98A /* UI */,
				C22B25A82FF2FA020030E98A /* Core */,
				C22B25A72FF2F9F90030E98A /* App */,
				C22B257F2FF2F9940030E98A /* JAM */,
				C22B258D2FF2F9950030E98A /* JAMTests */,
				C22B25972FF2F9950030E98A /* JAMUITests */,
				C22B257E2FF2F9940030E98A /* Products */,
			);
			sourceTree = "<group>";
		};
		C22B257E2FF2F9940030E98A /* Products */ = {
			isa = PBXGroup;
			children = (
				C22B257D2FF2F9940030E98A /* JAM.app */,
				C22B258A2FF2F9950030E98A /* JAMTests.xctest */,
				C22B25942FF2F9950030E98A /* JAMUITests.xctest */,
			);
			name = Products;
			sourceTree = "<group>";
		};
		C22B25A72FF2F9F90030E98A /* App */ = {
			isa = PBXGroup;
			children = (
			);
			path = App;
			sourceTree = "<group>";
		};
		C22B25A82FF2FA020030E98A /* Core */ = {
			isa = PBXGroup;
			children = (
				C26E7C182FF413640001CFFA /* Suggestions */,
				C26E7C092FF40F360001CFFA /* Index */,
				C22B25E02FF313F50030E98A /* CommandEngine */,
				C22B25DC2FF3136C0030E98A /* Domains */,
				C22B25BB2FF2FD100030E98A /* Application */,
				C22B25B62FF2FAAD0030E98A /* Router */,
				C22B25B52FF2FAA30030E98A /* Memory */,
				C22B25B42FF2FA9B0030E98A /* Planner */,
				C22B25B32FF2FA940030E98A /* Context */,
				C22B25B22FF2FA890030E98A /* Capabilities */,
				C22B25B12FF2FA820030E98A /* Actions */,
			);
			path = Core;
			sourceTree = "<group>";
		};
		C22B25A92FF2FA0F0030E98A /* UI */ = {
			isa = PBXGroup;
			children = (
				C26E7CAD2FF6F4F80001CFFA /* MenuBar */,
				C26E7C662FF5AC010001CFFA /* Search */,
				C22B25CE2FF30A5B0030E98A /* Components */,
				C22B25C72FF3062C0030E98A /* Panels */,
				C22B25C82FF3063D0030E98A /* Views */,
				C22B25B02FF2FA620030E98A /* Chat */,
				C22B25AF2FF2FA5A0030E98A /* History */,
				C22B25AE2FF2FA530030E98A /* Settings */,
				C22B25AD2FF2FA490030E98A /* Spotlight */,
				C22B25AC2FF2FA380030E98A /* Dashboard */,
			);
			path = UI;
			sourceTree = "<group>";
		};
		C22B25AA2FF2FA1D0030E98A /* Design */ = {
			isa = PBXGroup;
			children = (
				C26E7C852FF5B2180001CFFA /* Modifiers */,
				C26E7C7A2FF5B17B0001CFFA /* Effects */,
				C26E7C732FF5AF940001CFFA /* Branding */,
				C26E7C202FF418650001CFFA /* Tokens */,
				C22B25BE2FF302F50030E98A /* Theme */,
			);
			path = Design;
			sourceTree = "<group>";
		};
		C22B25AB2FF2FA240030E98A /* Resources */ = {
			isa = PBXGroup;
			children = (
			);
			path = Resources;
			sourceTree = "<group>";
		};
		C22B25AC2FF2FA380030E98A /* Dashboard */ = {
			isa = PBXGroup;
			children = (
			);
			path = Dashboard;
			sourceTree = "<group>";
		};
		C22B25AD2FF2FA490030E98A /* Spotlight */ = {
			isa = PBXGroup;
			children = (
			);
			path = Spotlight;
			sourceTree = "<group>";
		};
		C22B25AE2FF2FA530030E98A /* Settings */ = {
			isa = PBXGroup;
			children = (
			);
			path = Settings;
			sourceTree = "<group>";
		};
		C22B25AF2FF2FA5A0030E98A /* History */ = {
			isa = PBXGroup;
			children = (
			);
			path = History;
			sourceTree = "<group>";
		};
		C22B25B02FF2FA620030E98A /* Chat */ = {
			isa = PBXGroup;
			children = (
			);
			path = Chat;
			sourceTree = "<group>";
		};
		C22B25B12FF2FA820030E98A /* Actions */ = {
			isa = PBXGroup;
			children = (
				C26E7C152FF410B30001CFFA /* Applications */,
				C26E7C132FF410420001CFFA /* ActionExecutor.swift */,
				C26E7C112FF410350001CFFA /* Action.swift */,
			);
			path = Actions;
			sourceTree = "<group>";
		};
		C22B25B22FF2FA890030E98A /* Capabilities */ = {
			isa = PBXGroup;
			children = (
			);
			path = Capabilities;
			sourceTree = "<group>";
		};
		C22B25B32FF2FA940030E98A /* Context */ = {
			isa = PBXGroup;
			children = (
			);
			path = Context;
			sourceTree = "<group>";
		};
		C22B25B42FF2FA9B0030E98A /* Planner */ = {
			isa = PBXGroup;
			children = (
			);
			path = Planner;
			sourceTree = "<group>";
		};
		C22B25B52FF2FAA30030E98A /* Memory */ = {
			isa = PBXGroup;
			children = (
			);
			path = Memory;
			sourceTree = "<group>";
		};
		C22B25B62FF2FAAD0030E98A /* Router */ = {
			isa = PBXGroup;
			children = (
			);
			path = Router;
			sourceTree = "<group>";
		};
		C22B25B82FF2FACD0030E98A /* Extensions */ = {
			isa = PBXGroup;
			children = (
			);
			path = Extensions;
			sourceTree = "<group>";
		};
		C22B25B92FF2FAEB0030E98A /* Utilities */ = {
			isa = PBXGroup;
			children = (
				C26E7CAB2FF6BC360001CFFA /* SearchFieldRegistry.swift */,
				C26E7CA92FF6B5090001CFFA /* KeyboardShortcutNames.swift */,
			);
			path = Utilities;
			sourceTree = "<group>";
		};
		C22B25BA2FF2FC890030E98A /* Services */ = {
			isa = PBXGroup;
			children = (
				C2D80E9D2FF7C9E900926E79 /* Login */,
				C26E7C002FF406590001CFFA /* Application */,
				C22B25CB2FF308300030E98A /* Window */,
			);
			path = Services;
			sourceTree = "<group>";
		};
		C22B25BB2FF2FD100030E98A /* Application */ = {
			isa = PBXGroup;
			children = (
				C22B25BC2FF2FD2E0030E98A /* JAMApplication.swift */,
			);
			path = Application;
			sourceTree = "<group>";
		};
		C22B25BE2FF302F50030E98A /* Theme */ = {
			isa = PBXGroup;
			children = (
				C26E7C212FF419160001CFFA /* AuroraTheme.swift */,
			);
			path = Theme;
			sourceTree = "<group>";
		};
		C22B25C72FF3062C0030E98A /* Panels */ = {
			isa = PBXGroup;
			children = (
				C22B25C92FF3066A0030E98A /* CommandPanelView.swift */,
			);
			path = Panels;
			sourceTree = "<group>";
		};
		C22B25C82FF3063D0030E98A /* Views */ = {
			isa = PBXGroup;
			children = (
			);
			path = Views;
			sourceTree = "<group>";
		};
		C22B25CB2FF308300030E98A /* Window */ = {
			isa = PBXGroup;
			children = (
				C22B25DB2FF3120E0030E98A /* JAMPanel.swift */,
				C22B25DA2FF312000030E98A /* WindowStyle.swift */,
				C22B25D92FF311F10030E98A /* WindowConfiguration.swift */,
				C22B25CC2FF308430030E98A /* WindowManager.swift */,
			);
			path = Window;
			sourceTree = "<group>";
		};
		C22B25CE2FF30A5B0030E98A /* Components */ = {
			isa = PBXGroup;
			children = (
				C22B25D62FF30D5B0030E98A /* Containers */,
				C22B25E92FF315780030E98A /* Input */,
				C26E7C2E2FF4475F0001CFFA /* Suggestions */,
			);
			path = Components;
			sourceTree = "<group>";
		};
		C22B25CF2FF30B050030E98A /* Shared */ = {
			isa = PBXGroup;
			children = (
				C2D80E982FF7C23100926E79 /* Settings  */,
				C22B25B82FF2FACD0030E98A /* Extensions */,
				C22B25B92FF2FAEB0030E98A /* Utilities */,
			);
			path = Shared;
			sourceTree = "<group>";
		};
		C22B25D62FF30D5B0030E98A /* Containers */ = {
			isa = PBXGroup;
			children = (
				C22B25D72FF30D6E0030E98A /* PanelContainer.swift */,
			);
			path = Containers;
			sourceTree = "<group>";
		};
		C22B25DC2FF3136C0030E98A /* Domains */ = {
			isa = PBXGroup;
			children = (
				C22B25DD2FF3137A0030E98A /* Application */,
			);
			path = Domains;
			sourceTree = "<group>";
		};
		C22B25DD2FF3137A0030E98A /* Application */ = {
			isa = PBXGroup;
			children = (
				C26E7C072FF40B4B0001CFFA /* ApplicationMatcher.swift */,
				C26E7C052FF40B250001CFFA /* Application.swift */,
				C22B25DE2FF313950030E98A /* ApplicationsDomain.swift */,
			);
			path = Application;
			sourceTree = "<group>";
		};
		C22B25E02FF313F50030E98A /* CommandEngine */ = {
			isa = PBXGroup;
			children = (
				C26E7BFE2FF406260001CFFA /*  IntentResolver.swift */,
				C22B25E72FF314320030E98A /* Verb.swift */,
				C22B25E52FF3141F0030E98A /* Intent.swift */,
				C22B25E32FF314150030E98A /* CommandParser.swift */,
				C22B25E12FF314080030E98A /* Command.swift */,
			);
			path = CommandEngine;
			sourceTree = "<group>";
		};
		C22B25E92FF315780030E98A /* Input */ = {
			isa = PBXGroup;
			children = (
				C26E7C2C2FF442B80001CFFA /* JAMTextField.swift */,
				C26E7C2A2FF442500001CFFA /* JAMNativeTextField.swift */,
				C26E7C282FF43FB30001CFFA /* GhostTextOverlay.swift */,
				C22B25EA2FF315820030E98A /* JAMCommandField.swift */,
			);
			path = Input;
			sourceTree = "<group>";
		};
		C26E7C002FF406590001CFFA /* Application */ = {
			isa = PBXGroup;
			children = (
				C26E7C032FF4095C0001CFFA /* ApplicationRegistry.swift */,
				C26E7C012FF406680001CFFA /*  ApplicationService.swift */,
			);
			path = Application;
			sourceTree = "<group>";
		};
		C26E7C092FF40F360001CFFA /* Index */ = {
			isa = PBXGroup;
			children = (
				C26E7C392FF45FE70001CFFA /* ApplicationSearchEngine.swift */,
				C26E7C372FF45FCD0001CFFA /*  AppSearchResult.swift */,
				C26E7C352FF45D470001CFFA /*  AppEntry.swift */,
				C26E7C0E2FF40F590001CFFA /* IndexBuilder.swift */,
				C26E7C0C2FF40F4C0001CFFA /* IndexItem.swift */,
				C26E7C0A2FF40F410001CFFA /* JAMIndex.swift */,
			);
			path = Index;
			sourceTree = "<group>";
		};
		C26E7C152FF410B30001CFFA /* Applications */ = {
			isa = PBXGroup;
			children = (
				C26E7C162FF410BD0001CFFA /* OpenApplicationAction.swift */,
			);
			path = Applications;
			sourceTree = "<group>";
		};
		C26E7C182FF413640001CFFA /* Suggestions */ = {
			isa = PBXGroup;
			children = (
				C26E7C262FF421910001CFFA /* SuggestionProvider.swift */,
				C26E7C1F2FF415530001CFFA /* Providers */,
				C26E7C1B2FF413780001CFFA /* SuggestionEngine.swift */,
				C26E7C192FF4136F0001CFFA /* Suggestion.swift */,
			);
			path = Suggestions;
			sourceTree = "<group>";
		};
		C26E7C1F2FF415530001CFFA /* Providers */ = {
			isa = PBXGroup;
			children = (
				C26E7C1D2FF414140001CFFA /* ApplicationSuggestionProvider.swift */,
			);
			path = Providers;
			sourceTree = "<group>";
		};
		C26E7C202FF418650001CFFA /* Tokens */ = {
			isa = PBXGroup;
			children = (
				C26E7CA42FF684960001CFFA /* JAMMetrics.swift */,
				C26E7C232FF41D280001CFFA /* JAMWindow.swift */,
				C22B25D42FF30D270030E98A /* JAMShadows.swift */,
				C22B25D22FF30D100030E98A /* JAMMotion.swift */,
				C22B25D02FF30CE30030E98A /* JAMMaterials.swift */,
				C22B25C22FF3033E0030E98A /* JAMRadius.swift */,
				C22B25C12FF3032E0030E98A /* JAMSpacing.swift */,
				C22B25C02FF303170030E98A /* JAMTypography.swift */,
				C22B25BF2FF303010030E98A /* JAMColors.swift */,
			);
			path = Tokens;
			sourceTree = "<group>";
		};
		C26E7C2E2FF4475F0001CFFA /* Suggestions */ = {
			isa = PBXGroup;
			children = (
				C26E7C332FF456C60001CFFA /* AppIcon.swift */,
				C26E7C312FF447790001CFFA /* SuggestionRow.swift */,
				C26E7C2F2FF4476C0001CFFA /* SuggestionList.swift */,
			);
			path = Suggestions;
			sourceTree = "<group>";
		};
		C26E7C542FF598C50001CFFA /* Application */ = {
			isa = PBXGroup;
			children = (
				C26E7C552FF598CF0001CFFA /* AppDelegate.swift */,
			);
			path = Application;
			sourceTree = "<group>";
		};
		C26E7C662FF5AC010001CFFA /* Search */ = {
			isa = PBXGroup;
			children = (
				C26E7CA22FF67FDE0001CFFA /* JAMResultsContainer.swift */,
				C26E7CA02FF67EB50001CFFA /* JAMSearchSurface.swift */,
				C26E7C9E2FF6791A0001CFFA /* JAMGreetingCard.swift */,
				C26E7C9A2FF676930001CFFA /* JAMKeycap.swift */,
				C26E7C8C2FF5B3750001CFFA /* JAMSearchView.swift */,
				C26E7C712FF5AE930001CFFA /* JAMSearchField.swift */,
				C26E7C6D2FF5ACA60001CFFA /* JAMShortcutBadge.swift */,
				C26E7C6B2FF5AC930001CFFA /* JAMSearchIcon.swift */,
				C26E7C692FF5AC810001CFFA /* JAMSearchBar.swift */,
				C26E7C672FF5AC100001CFFA /* JAMSearchBadge.swift */,
			);
			path = Search;
			sourceTree = "<group>";
		};
		C26E7C732FF5AF940001CFFA /* Branding */ = {
			isa = PBXGroup;
			children = (
				C26E7C782FF5AFC70001CFFA /* JAMWordmark.swift */,
				C26E7C762FF5AFBD0001CFFA /*     JAMBrandBadge.swift */,
				C26E7C742FF5AFAE0001CFFA /* JAMMark.swift */,
			);
			path = Branding;
			sourceTree = "<group>";
		};
		C26E7C7A2FF5B17B0001CFFA /* Effects */ = {
			isa = PBXGroup;
			children = (
				C26E7C9C2FF679050001CFFA /* JAMBackdrop.swift */,
				C26E7C832FF5B1B70001CFFA /* JAMAnimation.swift */,
				C26E7C812FF5B1A10001CFFA /* JAMShadow.swift */,
				C26E7C7F2FF5B1970001CFFA /* JAMStroke.swift */,
				C26E7C7D2FF5B18D0001CFFA /* JAMGlow.swift */,
				C26E7C7B2FF5B1840001CFFA /* JAMGlass.swift */,
			);
			path = Effects;
			sourceTree = "<group>";
		};
		C26E7C852FF5B2180001CFFA /* Modifiers */ = {
			isa = PBXGroup;
			children = (
				C26E7C8A2FF5B2350001CFFA /* JAMInteractiveModifier.swift */,
				C26E7C882FF5B22A0001CFFA /* JAMShadowModifier.swift */,
				C26E7C862FF5B2210001CFFA /* JAMGlassModifier.swift */,
			);
			path = Modifiers;
			sourceTree = "<group>";
		};
		C26E7CAD2FF6F4F80001CFFA /* MenuBar */ = {
			isa = PBXGroup;
			children = (
				C2D80E9B2FF7C85E00926E79 /* JAMMenu.swift */,
				C26E7CAE2FF6F5300001CFFA /* JAMMenuBar.swift */,
			);
			path = MenuBar;
			sourceTree = "<group>";
		};
		C2D80E982FF7C23100926E79 /* Settings  */ = {
			isa = PBXGroup;
			children = (
				C2D80E992FF7C23D00926E79 /* SettingsManager.swift */,
			);
			path = "Settings ";
			sourceTree = "<group>";
		};
		C2D80E9D2FF7C9E900926E79 /* Login */ = {
			isa = PBXGroup;
			children = (
				C2D80E9E2FF7C9F200926E79 /* LaunchAtLoginManager.swift */,
			);
			path = Login;
			sourceTree = "<group>";
		};
/* End PBXGroup section */

/* Begin PBXNativeTarget section */
		C22B257C2FF2F9940030E98A /* JAM */ = {
			isa = PBXNativeTarget;
			buildConfigurationList = C22B259E2FF2F9950030E98A /* Build configuration list for PBXNativeTarget "JAM" */;
			buildPhases = (
				C22B25792FF2F9940030E98A /* Sources */,
				C22B257A2FF2F9940030E98A /* Frameworks */,
				C22B257B2FF2F9940030E98A /* Resources */,
			);
			buildRules = (
			);
			dependencies = (
			);
			fileSystemSynchronizedGroups = (
				C22B257F2FF2F9940030E98A /* JAM */,
			);
			name = JAM;
			packageProductDependencies = (
				C26E7CA72FF6B44B0001CFFA /* KeyboardShortcuts */,
			);
			productName = JAM;
			productReference = C22B257D2FF2F9940030E98A /* JAM.app */;
			productType = "com.apple.product-type.application";
		};
		C22B25892FF2F9950030E98A /* JAMTests */ = {
			isa = PBXNativeTarget;
			buildConfigurationList = C22B25A12FF2F9950030E98A /* Build configuration list for PBXNativeTarget "JAMTests" */;
			buildPhases = (
				C22B25862FF2F9950030E98A /* Sources */,
				C22B25872FF2F9950030E98A /* Frameworks */,
				C22B25882FF2F9950030E98A /* Resources */,
			);
			buildRules = (
			);
			dependencies = (
				C22B258C2FF2F9950030E98A /* PBXTargetDependency */,
			);
			fileSystemSynchronizedGroups = (
				C22B258D2FF2F9950030E98A /* JAMTests */,
			);
			name = JAMTests;
			packageProductDependencies = (
			);
			productName = JAMTests;
			productReference = C22B258A2FF2F9950030E98A /* JAMTests.xctest */;
			productType = "com.apple.product-type.bundle.unit-test";
		};
		C22B25932FF2F9950030E98A /* JAMUITests */ = {
			isa = PBXNativeTarget;
			buildConfigurationList = C22B25A42FF2F9950030E98A /* Build configuration list for PBXNativeTarget "JAMUITests" */;
			buildPhases = (
				C22B25902FF2F9950030E98A /* Sources */,
				C22B25912FF2F9950030E98A /* Frameworks */,
				C22B25922FF2F9950030E98A /* Resources */,
			);
			buildRules = (
			);
			dependencies = (
				C22B25962FF2F9950030E98A /* PBXTargetDependency */,
			);
			fileSystemSynchronizedGroups = (
				C22B25972FF2F9950030E98A /* JAMUITests */,
			);
			name = JAMUITests;
			packageProductDependencies = (
			);
			productName = JAMUITests;
			productReference = C22B25942FF2F9950030E98A /* JAMUITests.xctest */;
			productType = "com.apple.product-type.bundle.ui-testing";
		};
/* End PBXNativeTarget section */

/* Begin PBXProject section */
		C22B25752FF2F9930030E98A /* Project object */ = {
			isa = PBXProject;
			attributes = {
				BuildIndependentTargetsInParallel = 1;
				LastSwiftUpdateCheck = 2660;
				LastUpgradeCheck = 2660;
				TargetAttributes = {
					C22B257C2FF2F9940030E98A = {
						CreatedOnToolsVersion = 26.6;
					};
					C22B25892FF2F9950030E98A = {
						CreatedOnToolsVersion = 26.6;
						TestTargetID = C22B257C2FF2F9940030E98A;
					};
					C22B25932FF2F9950030E98A = {
						CreatedOnToolsVersion = 26.6;
						TestTargetID = C22B257C2FF2F9940030E98A;
					};
				};
			};
			buildConfigurationList = C22B25782FF2F9930030E98A /* Build configuration list for PBXProject "JAM" */;
			developmentRegion = en;
			hasScannedForEncodings = 0;
			knownRegions = (
				en,
				Base,
			);
			mainGroup = C22B25742FF2F9930030E98A;
			minimizedProjectReferenceProxies = 1;
			packageReferences = (
				C26E7CA62FF6B44B0001CFFA /* XCRemoteSwiftPackageReference "KeyboardShortcuts" */,
			);
			preferredProjectObjectVersion = 77;
			productRefGroup = C22B257E2FF2F9940030E98A /* Products */;
			projectDirPath = "";
			projectRoot = "";
			targets = (
				C22B257C2FF2F9940030E98A /* JAM */,
				C22B25892FF2F9950030E98A /* JAMTests */,
				C22B25932FF2F9950030E98A /* JAMUITests */,
			);
		};
/* End PBXProject section */

/* Begin PBXResourcesBuildPhase section */
		C22B257B2FF2F9940030E98A /* Resources */ = {
			isa = PBXResourcesBuildPhase;
			buildActionMask = 2147483647;
			files = (
				C26E7CB32FF706F00001CFFA /* Assets.xcassets in Resources */,
			);
			runOnlyForDeploymentPostprocessing = 0;
		};
		C22B25882FF2F9950030E98A /* Resources */ = {
			isa = PBXResourcesBuildPhase;
			buildActionMask = 2147483647;
			files = (
			);
			runOnlyForDeploymentPostprocessing = 0;
		};
		C22B25922FF2F9950030E98A /* Resources */ = {
			isa = PBXResourcesBuildPhase;
			buildActionMask = 2147483647;
			files = (
			);
			runOnlyForDeploymentPostprocessing = 0;
		};
/* End PBXResourcesBuildPhase section */

/* Begin PBXSourcesBuildPhase section */
		C22B25792FF2F9940030E98A /* Sources */ = {
			isa = PBXSourcesBuildPhase;
			buildActionMask = 2147483647;
			files = (
				C26E7C1C2FF4137E0001CFFA /* SuggestionEngine.swift in Sources */,
				C22B25E42FF314170030E98A /* CommandParser.swift in Sources */,
				C26E7CA52FF684980001CFFA /* JAMMetrics.swift in Sources */,
				C22B25CA2FF306AF0030E98A /* CommandPanelView.swift in Sources */,
				C26E7C362FF45D490001CFFA /*  AppEntry.swift in Sources */,
				C26E7CA12FF67EB70001CFFA /* JAMSearchSurface.swift in Sources */,
				C26E7C592FF59A800001CFFA /* WindowConfiguration.swift in Sources */,
				C26E7CAF2FF6F5320001CFFA /* JAMMenuBar.swift in Sources */,
				C26E7C3A2FF45FEA0001CFFA /* ApplicationSearchEngine.swift in Sources */,
				C26E7C792FF5AFC90001CFFA /* JAMWordmark.swift in Sources */,
				C26E7C062FF40B270001CFFA /* Application.swift in Sources */,
				C26E7CAA2FF6B5CC0001CFFA /* KeyboardShortcutNames.swift in Sources */,
				C26E7C6C2FF5AC9D0001CFFA /* JAMSearchIcon.swift in Sources */,
				C26E7C7C2FF5B1860001CFFA /* JAMGlass.swift in Sources */,
				C26E7C752FF5AFB30001CFFA /* JAMMark.swift in Sources */,
				C22B25D12FF30CE50030E98A /* JAMMaterials.swift in Sources */,
				C26E7C142FF410440001CFFA /* ActionExecutor.swift in Sources */,
				C26E7C222FF419190001CFFA /* AuroraTheme.swift in Sources */,
				C26E7C772FF5AFBF0001CFFA /*     JAMBrandBadge.swift in Sources */,
				C22B25C32FF303DB0030E98A /* JAMRadius.swift in Sources */,
				C2D80E9F2FF7C9F400926E79 /* LaunchAtLoginManager.swift in Sources */,
				C22B25C62FF303E90030E98A /* JAMColors.swift in Sources */,
				C22B25D52FF30D290030E98A /* JAMShadows.swift in Sources */,
				C26E7C802FF5B1990001CFFA /* JAMStroke.swift in Sources */,
				C26E7BFF2FF406280001CFFA /*  IntentResolver.swift in Sources */,
				C26E7C562FF5997F0001CFFA /* WindowManager.swift in Sources */,
				C26E7C842FF5B1B90001CFFA /* JAMAnimation.swift in Sources */,
				C26E7C082FF40B4E0001CFFA /* ApplicationMatcher.swift in Sources */,
				C26E7C0B2FF40F430001CFFA /* JAMIndex.swift in Sources */,
				C26E7C582FF59A720001CFFA /* JAMPanel.swift in Sources */,
				C26E7C822FF5B1A30001CFFA /* JAMShadow.swift in Sources */,
				C26E7C722FF5AE950001CFFA /* JAMSearchField.swift in Sources */,
				C26E7C872FF5B2230001CFFA /* JAMGlassModifier.swift in Sources */,
				C26E7C122FF410370001CFFA /* Action.swift in Sources */,
				C26E7C8D2FF5B3770001CFFA /* JAMSearchView.swift in Sources */,
				C26E7C9B2FF676940001CFFA /* JAMKeycap.swift in Sources */,
				C26E7C1E2FF414160001CFFA /* ApplicationSuggestionProvider.swift in Sources */,
				C22B25D32FF30D120030E98A /* JAMMotion.swift in Sources */,
				C26E7C892FF5B22C0001CFFA /* JAMShadowModifier.swift in Sources */,
				C26E7C242FF41D2A0001CFFA /* JAMWindow.swift in Sources */,
				C26E7C572FF59A4F0001CFFA /* AppDelegate.swift in Sources */,
				C26E7C292FF43FB50001CFFA /* GhostTextOverlay.swift in Sources */,
				C26E7C2D2FF442BB0001CFFA /* JAMTextField.swift in Sources */,
				C26E7CA32FF67FE00001CFFA /* JAMResultsContainer.swift in Sources */,
				C22B25EB2FF315890030E98A /* JAMCommandField.swift in Sources */,
				C26E7C022FF406BC0001CFFA /*  ApplicationService.swift in Sources */,
				C22B25E62FF3142A0030E98A /* Intent.swift in Sources */,
				C26E7C322FF4477C0001CFFA /* SuggestionRow.swift in Sources */,
				C26E7C8B2FF5B2370001CFFA /* JAMInteractiveModifier.swift in Sources */,
				C26E7C272FF421930001CFFA /* SuggestionProvider.swift in Sources */,
				C22B25C52FF303E50030E98A /* JAMTypography.swift in Sources */,
				C26E7C9F2FF6791B0001CFFA /* JAMGreetingCard.swift in Sources */,
				C2D80E9C2FF7C86000926E79 /* JAMMenu.swift in Sources */,
				C26E7C302FF4476E0001CFFA /* SuggestionList.swift in Sources */,
				C26E7CAC2FF6BC380001CFFA /* SearchFieldRegistry.swift in Sources */,
				C22B25DF2FF313970030E98A /* ApplicationsDomain.swift in Sources */,
				C26E7C7E2FF5B18F0001CFFA /* JAMGlow.swift in Sources */,
				C26E7C9D2FF679070001CFFA /* JAMBackdrop.swift in Sources */,
				C26E7C6E2FF5ACA80001CFFA /* JAMShortcutBadge.swift in Sources */,
				C26E7C2B2FF442520001CFFA /* JAMNativeTextField.swift in Sources */,
				C26E7C0F2FF40F5B0001CFFA /* IndexBuilder.swift in Sources */,
				C26E7C0D2FF40F510001CFFA /* IndexItem.swift in Sources */,
				C26E7C042FF4095E0001CFFA /* ApplicationRegistry.swift in Sources */,
				C22B25BD2FF2FE9E0030E98A /* JAMApplication.swift in Sources */,
				C26E7C682FF5AC120001CFFA /* JAMSearchBadge.swift in Sources */,
				C22B25E22FF3140C0030E98A /* Command.swift in Sources */,
				C26E7C342FF456CC0001CFFA /* AppIcon.swift in Sources */,
				C22B25D82FF30D720030E98A /* PanelContainer.swift in Sources */,
				C22B25E82FF314350030E98A /* Verb.swift in Sources */,
				C26E7C172FF410C10001CFFA /* OpenApplicationAction.swift in Sources */,
				C26E7C6A2FF5AC830001CFFA /* JAMSearchBar.swift in Sources */,
				C2D80E9A2FF7C23F00926E79 /* SettingsManager.swift in Sources */,
				C22B25C42FF303E00030E98A /* JAMSpacing.swift in Sources */,
				C26E7C1A2FF413710001CFFA /* Suggestion.swift in Sources */,
				C26E7C382FF45FD00001CFFA /*  AppSearchResult.swift in Sources */,
			);
			runOnlyForDeploymentPostprocessing = 0;
		};
		C22B25862FF2F9950030E98A /* Sources */ = {
			isa = PBXSourcesBuildPhase;
			buildActionMask = 2147483647;
			files = (
			);
			runOnlyForDeploymentPostprocessing = 0;
		};
		C22B25902FF2F9950030E98A /* Sources */ = {
			isa = PBXSourcesBuildPhase;
			buildActionMask = 2147483647;
			files = (
			);
			runOnlyForDeploymentPostprocessing = 0;
		};
/* End PBXSourcesBuildPhase section */

/* Begin PBXTargetDependency section */
		C22B258C2FF2F9950030E98A /* PBXTargetDependency */ = {
			isa = PBXTargetDependency;
			target = C22B257C2FF2F9940030E98A /* JAM */;
			targetProxy = C22B258B2FF2F9950030E98A /* PBXContainerItemProxy */;
		};
		C22B25962FF2F9950030E98A /* PBXTargetDependency */ = {
			isa = PBXTargetDependency;
			target = C22B257C2FF2F9940030E98A /* JAM */;
			targetProxy = C22B25952FF2F9950030E98A /* PBXContainerItemProxy */;
		};
/* End PBXTargetDependency section */

/* Begin XCBuildConfiguration section */
		C22B259C2FF2F9950030E98A /* Debug */ = {
			isa = XCBuildConfiguration;
			buildSettings = {
				ALWAYS_SEARCH_USER_PATHS = NO;
				ASSETCATALOG_COMPILER_GENERATE_SWIFT_ASSET_SYMBOL_EXTENSIONS = YES;
				CLANG_ANALYZER_NONNULL = YES;
				CLANG_ANALYZER_NUMBER_OBJECT_CONVERSION = YES_AGGRESSIVE;
				CLANG_CXX_LANGUAGE_STANDARD = "gnu++20";
				CLANG_ENABLE_MODULES = YES;
				CLANG_ENABLE_OBJC_ARC = YES;
				CLANG_ENABLE_OBJC_WEAK = YES;
				CLANG_WARN_BLOCK_CAPTURE_AUTORELEASING = YES;
				CLANG_WARN_BOOL_CONVERSION = YES;
				CLANG_WARN_COMMA = YES;
				CLANG_WARN_CONSTANT_CONVERSION = YES;
				CLANG_WARN_DEPRECATED_OBJC_IMPLEMENTATIONS = YES;
				CLANG_WARN_DIRECT_OBJC_ISA_USAGE = YES_ERROR;
				CLANG_WARN_DOCUMENTATION_COMMENTS = YES;
				CLANG_WARN_EMPTY_BODY = YES;
				CLANG_WARN_ENUM_CONVERSION = YES;
				CLANG_WARN_INFINITE_RECURSION = YES;
				CLANG_WARN_INT_CONVERSION = YES;
				CLANG_WARN_NON_LITERAL_NULL_CONVERSION = YES;
				CLANG_WARN_OBJC_IMPLICIT_RETAIN_SELF = YES;
				CLANG_WARN_OBJC_LITERAL_CONVERSION = YES;
				CLANG_WARN_OBJC_ROOT_CLASS = YES_ERROR;
				CLANG_WARN_QUOTED_INCLUDE_IN_FRAMEWORK_HEADER = YES;
				CLANG_WARN_RANGE_LOOP_ANALYSIS = YES;
				CLANG_WARN_STRICT_PROTOTYPES = YES;
				CLANG_WARN_SUSPICIOUS_MOVE = YES;
				CLANG_WARN_UNGUARDED_AVAILABILITY = YES_AGGRESSIVE;
				CLANG_WARN_UNREACHABLE_CODE = YES;
				CLANG_WARN__DUPLICATE_METHOD_MATCH = YES;
				COPY_PHASE_STRIP = NO;
				DEBUG_INFORMATION_FORMAT = dwarf;
				ENABLE_STRICT_OBJC_MSGSEND = YES;
				ENABLE_TESTABILITY = YES;
				ENABLE_USER_SCRIPT_SANDBOXING = YES;
				GCC_C_LANGUAGE_STANDARD = gnu17;
				GCC_DYNAMIC_NO_PIC = NO;
				GCC_NO_COMMON_BLOCKS = YES;
				GCC_OPTIMIZATION_LEVEL = 0;
				GCC_PREPROCESSOR_DEFINITIONS = (
					"DEBUG=1",
					"$(inherited)",
				);
				GCC_WARN_64_TO_32_BIT_CONVERSION = YES;
				GCC_WARN_ABOUT_RETURN_TYPE = YES_ERROR;
				GCC_WARN_UNDECLARED_SELECTOR = YES;
				GCC_WARN_UNINITIALIZED_AUTOS = YES_AGGRESSIVE;
				GCC_WARN_UNUSED_FUNCTION = YES;
				GCC_WARN_UNUSED_VARIABLE = YES;
				LOCALIZATION_PREFERS_STRING_CATALOGS = YES;
				MACOSX_DEPLOYMENT_TARGET = 26.5;
				MTL_ENABLE_DEBUG_INFO = INCLUDE_SOURCE;
				MTL_FAST_MATH = YES;
				ONLY_ACTIVE_ARCH = YES;
				SDKROOT = macosx;
				SWIFT_ACTIVE_COMPILATION_CONDITIONS = "DEBUG $(inherited)";
				SWIFT_OPTIMIZATION_LEVEL = "-Onone";
			};
			name = Debug;
		};
		C22B259D2FF2F9950030E98A /* Release */ = {
			isa = XCBuildConfiguration;
			buildSettings = {
				ALWAYS_SEARCH_USER_PATHS = NO;
				ASSETCATALOG_COMPILER_GENERATE_SWIFT_ASSET_SYMBOL_EXTENSIONS = YES;
				CLANG_ANALYZER_NONNULL = YES;
				CLANG_ANALYZER_NUMBER_OBJECT_CONVERSION = YES_AGGRESSIVE;
				CLANG_CXX_LANGUAGE_STANDARD = "gnu++20";
				CLANG_ENABLE_MODULES = YES;
				CLANG_ENABLE_OBJC_ARC = YES;
				CLANG_ENABLE_OBJC_WEAK = YES;
				CLANG_WARN_BLOCK_CAPTURE_AUTORELEASING = YES;
				CLANG_WARN_BOOL_CONVERSION = YES;
				CLANG_WARN_COMMA = YES;
				CLANG_WARN_CONSTANT_CONVERSION = YES;
				CLANG_WARN_DEPRECATED_OBJC_IMPLEMENTATIONS = YES;
				CLANG_WARN_DIRECT_OBJC_ISA_USAGE = YES_ERROR;
				CLANG_WARN_DOCUMENTATION_COMMENTS = YES;
				CLANG_WARN_EMPTY_BODY = YES;
				CLANG_WARN_ENUM_CONVERSION = YES;
				CLANG_WARN_INFINITE_RECURSION = YES;
				CLANG_WARN_INT_CONVERSION = YES;
				CLANG_WARN_NON_LITERAL_NULL_CONVERSION = YES;
				CLANG_WARN_OBJC_IMPLICIT_RETAIN_SELF = YES;
				CLANG_WARN_OBJC_LITERAL_CONVERSION = YES;
				CLANG_WARN_OBJC_ROOT_CLASS = YES_ERROR;
				CLANG_WARN_QUOTED_INCLUDE_IN_FRAMEWORK_HEADER = YES;
				CLANG_WARN_RANGE_LOOP_ANALYSIS = YES;
				CLANG_WARN_STRICT_PROTOTYPES = YES;
				CLANG_WARN_SUSPICIOUS_MOVE = YES;
				CLANG_WARN_UNGUARDED_AVAILABILITY = YES_AGGRESSIVE;
				CLANG_WARN_UNREACHABLE_CODE = YES;
				CLANG_WARN__DUPLICATE_METHOD_MATCH = YES;
				COPY_PHASE_STRIP = NO;
				DEBUG_INFORMATION_FORMAT = "dwarf-with-dsym";
				ENABLE_NS_ASSERTIONS = NO;
				ENABLE_STRICT_OBJC_MSGSEND = YES;
				ENABLE_USER_SCRIPT_SANDBOXING = YES;
				GCC_C_LANGUAGE_STANDARD = gnu17;
				GCC_NO_COMMON_BLOCKS = YES;
				GCC_WARN_64_TO_32_BIT_CONVERSION = YES;
				GCC_WARN_ABOUT_RETURN_TYPE = YES_ERROR;
				GCC_WARN_UNDECLARED_SELECTOR = YES;
				GCC_WARN_UNINITIALIZED_AUTOS = YES_AGGRESSIVE;
				GCC_WARN_UNUSED_FUNCTION = YES;
				GCC_WARN_UNUSED_VARIABLE = YES;
				LOCALIZATION_PREFERS_STRING_CATALOGS = YES;
				MACOSX_DEPLOYMENT_TARGET = 26.5;
				MTL_ENABLE_DEBUG_INFO = NO;
				MTL_FAST_MATH = YES;
				SDKROOT = macosx;
				SWIFT_COMPILATION_MODE = wholemodule;
			};
			name = Release;
		};
		C22B259F2FF2F9950030E98A /* Debug */ = {
			isa = XCBuildConfiguration;
			buildSettings = {
				ASSETCATALOG_COMPILER_APPICON_NAME = AppIcon;
				ASSETCATALOG_COMPILER_GLOBAL_ACCENT_COLOR_NAME = AccentColor;
				CODE_SIGN_STYLE = Automatic;
				COMBINE_HIDPI_IMAGES = YES;
				CURRENT_PROJECT_VERSION = 1;
				ENABLE_APP_SANDBOX = NO;
				ENABLE_PREVIEWS = YES;
				GENERATE_INFOPLIST_FILE = YES;
				INFOPLIST_KEY_NSHumanReadableCopyright = "";
				LD_RUNPATH_SEARCH_PATHS = (
					"$(inherited)",
					"@executable_path/../Frameworks",
				);
				MARKETING_VERSION = 1.0;
				PRODUCT_BUNDLE_IDENTIFIER = com.jameeliqbal.JAM;
				PRODUCT_NAME = "$(TARGET_NAME)";
				REGISTER_APP_GROUPS = YES;
				STRING_CATALOG_GENERATE_SYMBOLS = YES;
				SWIFT_APPROACHABLE_CONCURRENCY = YES;
				SWIFT_DEFAULT_ACTOR_ISOLATION = MainActor;
				SWIFT_EMIT_LOC_STRINGS = YES;
				SWIFT_UPCOMING_FEATURE_MEMBER_IMPORT_VISIBILITY = YES;
				SWIFT_VERSION = 5.0;
			};
			name = Debug;
		};
		C22B25A02FF2F9950030E98A /* Release */ = {
			isa = XCBuildConfiguration;
			buildSettings = {
				ASSETCATALOG_COMPILER_APPICON_NAME = AppIcon;
				ASSETCATALOG_COMPILER_GLOBAL_ACCENT_COLOR_NAME = AccentColor;
				CODE_SIGN_STYLE = Automatic;
				COMBINE_HIDPI_IMAGES = YES;
				CURRENT_PROJECT_VERSION = 1;
				ENABLE_APP_SANDBOX = NO;
				ENABLE_PREVIEWS = YES;
				GENERATE_INFOPLIST_FILE = YES;
				INFOPLIST_KEY_NSHumanReadableCopyright = "";
				LD_RUNPATH_SEARCH_PATHS = (
					"$(inherited)",
					"@executable_path/../Frameworks",
				);
				MARKETING_VERSION = 1.0;
				PRODUCT_BUNDLE_IDENTIFIER = com.jameeliqbal.JAM;
				PRODUCT_NAME = "$(TARGET_NAME)";
				REGISTER_APP_GROUPS = YES;
				STRING_CATALOG_GENERATE_SYMBOLS = YES;
				SWIFT_APPROACHABLE_CONCURRENCY = YES;
				SWIFT_DEFAULT_ACTOR_ISOLATION = MainActor;
				SWIFT_EMIT_LOC_STRINGS = YES;
				SWIFT_UPCOMING_FEATURE_MEMBER_IMPORT_VISIBILITY = YES;
				SWIFT_VERSION = 5.0;
			};
			name = Release;
		};
		C22B25A22FF2F9950030E98A /* Debug */ = {
			isa = XCBuildConfiguration;
			buildSettings = {
				BUNDLE_LOADER = "$(TEST_HOST)";
				CODE_SIGN_STYLE = Automatic;
				CURRENT_PROJECT_VERSION = 1;
				GENERATE_INFOPLIST_FILE = YES;
				MACOSX_DEPLOYMENT_TARGET = 26.5;
				MARKETING_VERSION = 1.0;
				PRODUCT_BUNDLE_IDENTIFIER = com.jameeliqbal.JAMTests;
				PRODUCT_NAME = "$(TARGET_NAME)";
				STRING_CATALOG_GENERATE_SYMBOLS = NO;
				SWIFT_APPROACHABLE_CONCURRENCY = YES;
				SWIFT_EMIT_LOC_STRINGS = NO;
				SWIFT_UPCOMING_FEATURE_MEMBER_IMPORT_VISIBILITY = YES;
				SWIFT_VERSION = 5.0;
				TEST_HOST = "$(BUILT_PRODUCTS_DIR)/JAM.app/$(BUNDLE_EXECUTABLE_FOLDER_PATH)/JAM";
			};
			name = Debug;
		};
		C22B25A32FF2F9950030E98A /* Release */ = {
			isa = XCBuildConfiguration;
			buildSettings = {
				BUNDLE_LOADER = "$(TEST_HOST)";
				CODE_SIGN_STYLE = Automatic;
				CURRENT_PROJECT_VERSION = 1;
				GENERATE_INFOPLIST_FILE = YES;
				MACOSX_DEPLOYMENT_TARGET = 26.5;
				MARKETING_VERSION = 1.0;
				PRODUCT_BUNDLE_IDENTIFIER = com.jameeliqbal.JAMTests;
				PRODUCT_NAME = "$(TARGET_NAME)";
				STRING_CATALOG_GENERATE_SYMBOLS = NO;
				SWIFT_APPROACHABLE_CONCURRENCY = YES;
				SWIFT_EMIT_LOC_STRINGS = NO;
				SWIFT_UPCOMING_FEATURE_MEMBER_IMPORT_VISIBILITY = YES;
				SWIFT_VERSION = 5.0;
				TEST_HOST = "$(BUILT_PRODUCTS_DIR)/JAM.app/$(BUNDLE_EXECUTABLE_FOLDER_PATH)/JAM";
			};
			name = Release;
		};
		C22B25A52FF2F9950030E98A /* Debug */ = {
			isa = XCBuildConfiguration;
			buildSettings = {
				CODE_SIGN_STYLE = Automatic;
				CURRENT_PROJECT_VERSION = 1;
				GENERATE_INFOPLIST_FILE = YES;
				MARKETING_VERSION = 1.0;
				PRODUCT_BUNDLE_IDENTIFIER = com.jameeliqbal.JAMUITests;
				PRODUCT_NAME = "$(TARGET_NAME)";
				STRING_CATALOG_GENERATE_SYMBOLS = NO;
				SWIFT_APPROACHABLE_CONCURRENCY = YES;
				SWIFT_EMIT_LOC_STRINGS = NO;
				SWIFT_UPCOMING_FEATURE_MEMBER_IMPORT_VISIBILITY = YES;
				SWIFT_VERSION = 5.0;
				TEST_TARGET_NAME = JAM;
			};
			name = Debug;
		};
		C22B25A62FF2F9950030E98A /* Release */ = {
			isa = XCBuildConfiguration;
			buildSettings = {
				CODE_SIGN_STYLE = Automatic;
				CURRENT_PROJECT_VERSION = 1;
				GENERATE_INFOPLIST_FILE = YES;
				MARKETING_VERSION = 1.0;
				PRODUCT_BUNDLE_IDENTIFIER = com.jameeliqbal.JAMUITests;
				PRODUCT_NAME = "$(TARGET_NAME)";
				STRING_CATALOG_GENERATE_SYMBOLS = NO;
				SWIFT_APPROACHABLE_CONCURRENCY = YES;
				SWIFT_EMIT_LOC_STRINGS = NO;
				SWIFT_UPCOMING_FEATURE_MEMBER_IMPORT_VISIBILITY = YES;
				SWIFT_VERSION = 5.0;
				TEST_TARGET_NAME = JAM;
			};
			name = Release;
		};
/* End XCBuildConfiguration section */

/* Begin XCConfigurationList section */
		C22B25782FF2F9930030E98A /* Build configuration list for PBXProject "JAM" */ = {
			isa = XCConfigurationList;
			buildConfigurations = (
				C22B259C2FF2F9950030E98A /* Debug */,
				C22B259D2FF2F9950030E98A /* Release */,
			);
			defaultConfigurationIsVisible = 0;
			defaultConfigurationName = Release;
		};
		C22B259E2FF2F9950030E98A /* Build configuration list for PBXNativeTarget "JAM" */ = {
			isa = XCConfigurationList;
			buildConfigurations = (
				C22B259F2FF2F9950030E98A /* Debug */,
				C22B25A02FF2F9950030E98A /* Release */,
			);
			defaultConfigurationIsVisible = 0;
			defaultConfigurationName = Release;
		};
		C22B25A12FF2F9950030E98A /* Build configuration list for PBXNativeTarget "JAMTests" */ = {
			isa = XCConfigurationList;
			buildConfigurations = (
				C22B25A22FF2F9950030E98A /* Debug */,
				C22B25A32FF2F9950030E98A /* Release */,
			);
			defaultConfigurationIsVisible = 0;
			defaultConfigurationName = Release;
		};
		C22B25A42FF2F9950030E98A /* Build configuration list for PBXNativeTarget "JAMUITests" */ = {
			isa = XCConfigurationList;
			buildConfigurations = (
				C22B25A52FF2F9950030E98A /* Debug */,
				C22B25A62FF2F9950030E98A /* Release */,
			);
			defaultConfigurationIsVisible = 0;
			defaultConfigurationName = Release;
		};
/* End XCConfigurationList section */

/* Begin XCRemoteSwiftPackageReference section */
		C26E7CA62FF6B44B0001CFFA /* XCRemoteSwiftPackageReference "KeyboardShortcuts" */ = {
			isa = XCRemoteSwiftPackageReference;
			repositoryURL = "https://github.com/sindresorhus/KeyboardShortcuts";
			requirement = {
				kind = upToNextMajorVersion;
				minimumVersion = 3.0.1;
			};
		};
/* End XCRemoteSwiftPackageReference section */

/* Begin XCSwiftPackageProductDependency section */
		C26E7CA72FF6B44B0001CFFA /* KeyboardShortcuts */ = {
			isa = XCSwiftPackageProductDependency;
			package = C26E7CA62FF6B44B0001CFFA /* XCRemoteSwiftPackageReference "KeyboardShortcuts" */;
			productName = KeyboardShortcuts;
		};
/* End XCSwiftPackageProductDependency section */
	};
	rootObject = C22B25752FF2F9930030E98A /* Project object */;
}
